<?xml version="1.0" encoding="utf-8"?>
<Project ToolsVersion="4.0" xmlns="http://schemas.microsoft.com/developer/msbuild/2003">
  <ItemGroup>
    <Filter Include="src">
      <UniqueIdentifier>{6047e1af-f757-41de-b730-1646e90cec3f}</UniqueIdentifier>
    </Filter>
  </ItemGroup>
  <ItemGroup>
    <ClCompile Include="src\MySprite.cpp">
      <Filter>src</Filter>
    </ClCompile>
    <ClCompile Include="src\GDLibrary.cpp">
      <Filter>src</Filter>
    </ClCompile>
  </ItemGroup>
  <ItemGroup>
    <ClInclude Include="src\MySprite.h">
      <Filter>src</Filter>
    </ClInclude>
  </ItemGroup>
</Project>